// !$*UTF8*$!
{
	archiveVersion = 1;
	classes = {
	};
	objectVersion = 56;
	objects = {

/* Begin PBXBuildFile section */
		37C0650F2BA58F7500C52F7C /* RMService.swift in Sources */ = {isa = PBXBuildFile; fileRef = 37C0650E2BA58F7500C52F7C /* RMService.swift */; };
		37C065112BA58F9000C52F7C /* RMRequest.swift in Sources */ = {isa = PBXBuildFile; fileRef = 37C065102BA58F9000C52F7C /* RMRequest.swift */; };
		37C065132BA5900600C52F7C /* RMEndpoint.swift in Sources */ = {isa = PBXBuildFile; fileRef = 37C065122BA5900600C52F7C /* RMEndpoint.swift */; };
		37C065152BA5958300C52F7C /* RMOrigin.swift in Sources */ = {isa = PBXBuildFile; fileRef = 37C065142BA5958300C52F7C /* RMOrigin.swift */; };
		37C065172BA5965F00C52F7C /* RMLocation.swift in Sources */ = {isa = PBXBuildFile; fileRef = 37C065162BA5965F00C52F7C /* RMLocation.swift */; };
		37C065192BA5978700C52F7C /* RMCharacterStatus.swift in Sources */ = {isa = PBXBuildFile; fileRef = 37C065182BA5978700C52F7C /* RMCharacterStatus.swift */; };
		37C0651B2BA597D200C52F7C /* RMCharacterGender.swift in Sources */ = {isa = PBXBuildFile; fileRef = 37C0651A2BA597D200C52F7C /* RMCharacterGender.swift */; };
		37E7D13D2BA48ADC00F7D58C /* AppDelegate.swift in Sources */ = {isa = PBXBuildFile; fileRef = 37E7D13C2BA48ADC00F7D58C /* AppDelegate.swift */; };
		37E7D13F2BA48ADC00F7D58C /* SceneDelegate.swift in Sources */ = {isa = PBXBuildFile; fileRef = 37E7D13E2BA48ADC00F7D58C /* SceneDelegate.swift */; };
		37E7D1462BA48ADD00F7D58C /* Assets.xcassets in Resources */ = {isa = PBXBuildFile; fileRef = 37E7D1452BA48ADD00F7D58C /* Assets.xcassets */; };
		37E7D1492BA48ADD00F7D58C /* LaunchScreen.storyboard in Resources */ = {isa = PBXBuildFile; fileRef = 37E7D1472BA48ADD00F7D58C /* LaunchScreen.storyboard */; };
		37E7D1582BA49D8E00F7D58C /* RMSingleLocation.swift in Sources */ = {isa = PBXBuildFile; fileRef = 37E7D1572BA49D8E00F7D58C /* RMSingleLocation.swift */; };
		37E7D15A2BA49D9600F7D58C /* RMCharacter.swift in Sources */ = {isa = PBXBuildFile; fileRef = 37E7D1592BA49D9600F7D58C /* RMCharacter.swift */; };
		37E7D15C2BA49D9F00F7D58C /* RMEpisode.swift in Sources */ = {isa = PBXBuildFile; fileRef = 37E7D15B2BA49D9F00F7D58C /* RMEpisode.swift */; };
		37E7D15E2BA49DEB00F7D58C /* RMTabVC.swift in Sources */ = {isa = PBXBuildFile; fileRef = 37E7D15D2BA49DEB00F7D58C /* RMTabVC.swift */; };
		37E7D1612BA4A19900F7D58C /* RmLocationVC.swift in Sources */ = {isa = PBXBuildFile; fileRef = 37E7D1602BA4A19900F7D58C /* RmLocationVC.swift */; };
		37E7D1632BA4A1AD00F7D58C /* RMSettingsVC.swift in Sources */ = {isa = PBXBuildFile; fileRef = 37E7D1622BA4A1AD00F7D58C /* RMSettingsVC.swift */; };
		37E7D1652BA4A1BF00F7D58C /* RMEpisodeVC.swift in Sources */ = {isa = PBXBuildFile; fileRef = 37E7D1642BA4A1BF00F7D58C /* RMEpisodeVC.swift */; };
		37E7D1672BA4A1CC00F7D58C /* RMCharacterVC.swift in Sources */ = {isa = PBXBuildFile; fileRef = 37E7D1662BA4A1CC00F7D58C /* RMCharacterVC.swift */; };
/* End PBXBuildFile section */

/* Begin PBXFileReference section */
		37C0650E2BA58F7500C52F7C /* RMService.swift */ = {isa = PBXFileReference; lastKnownFileType = sourcecode.swift; path = RMService.swift; sourceTree = "<group>"; };
		37C065102BA58F9000C52F7C /* RMRequest.swift */ = {isa = PBXFileReference; lastKnownFileType = sourcecode.swift; path = RMRequest.swift; sourceTree = "<group>"; };
		37C065122BA5900600C52F7C /* RMEndpoint.swift */ = {isa = PBXFileReference; lastKnownFileType = sourcecode.swift; path = RMEndpoint.swift; sourceTree = "<group>"; };
		37C065142BA5958300C52F7C /* RMOrigin.swift */ = {isa = PBXFileReference; lastKnownFileType = sourcecode.swift; path = RMOrigin.swift; sourceTree = "<group>"; };
		37C065162BA5965F00C52F7C /* RMLocation.swift */ = {isa = PBXFileReference; lastKnownFileType = sourcecode.swift; path = RMLocation.swift; sourceTree = "<group>"; };
		37C065182BA5978700C52F7C /* RMCharacterStatus.swift */ = {isa = PBXFileReference; lastKnownFileType = sourcecode.swift; path = RMCharacterStatus.swift; sourceTree = "<group>"; };
		37C0651A2BA597D200C52F7C /* RMCharacterGender.swift */ = {isa = PBXFileReference; lastKnownFileType = sourcecode.swift; path = RMCharacterGender.swift; sourceTree = "<group>"; };
		37E7D1392BA48ADC00F7D58C /* RickAndMorty.app */ = {isa = PBXFileReference; explicitFileType = wrapper.application; includeInIndex = 0; path = RickAndMorty.app; sourceTree = BUILT_PRODUCTS_DIR; };
		37E7D13C2BA48ADC00F7D58C /* AppDelegate.swift */ = {isa = PBXFileReference; lastKnownFileType = sourcecode.swift; path = AppDelegate.swift; sourceTree = "<group>"; };
		37E7D13E2BA48ADC00F7D58C /* SceneDelegate.swift */ = {isa = PBXFileReference; lastKnownFileType = sourcecode.swift; path = SceneDelegate.swift; sourceTree = "<group>"; };
		37E7D1452BA48ADD00F7D58C /* Assets.xcassets */ = {isa = PBXFileReference; lastKnownFileType = folder.assetcatalog; path = Assets.xcassets; sourceTree = "<group>"; };
		37E7D1482BA48ADD00F7D58C /* Base */ = {isa = PBXFileReference; lastKnownFileType = file.storyboard; name = Base; path = Base.lproj/LaunchScreen.storyboard; sourceTree = "<group>"; };
		37E7D14A2BA48ADD00F7D58C /* Info.plist */ = {isa = PBXFileReference; lastKnownFileType = text.plist.xml; path = Info.plist; sourceTree = "<group>"; };
		37E7D1572BA49D8E00F7D58C /* RMSingleLocation.swift */ = {isa = PBXFileReference; lastKnownFileType = sourcecode.swift; path = RMSingleLocation.swift; sourceTree = "<group>"; };
		37E7D1592BA49D9600F7D58C /* RMCharacter.swift */ = {isa = PBXFileReference; lastKnownFileType = sourcecode.swift; path = RMCharacter.swift; sourceTree = "<group>"; };
		37E7D15B2BA49D9F00F7D58C /* RMEpisode.swift */ = {isa = PBXFileReference; lastKnownFileType = sourcecode.swift; path = RMEpisode.swift; sourceTree = "<group>"; };
		37E7D15D2BA49DEB00F7D58C /* RMTabVC.swift */ = {isa = PBXFileReference; lastKnownFileType = sourcecode.swift; path = RMTabVC.swift; sourceTree = "<group>"; };
		37E7D1602BA4A19900F7D58C /* RmLocationVC.swift */ = {isa = PBXFileReference; lastKnownFileType = sourcecode.swift; path = RmLocationVC.swift; sourceTree = "<group>"; };
		37E7D1622BA4A1AD00F7D58C /* RMSettingsVC.swift */ = {isa = PBXFileReference; lastKnownFileType = sourcecode.swift; path = RMSettingsVC.swift; sourceTree = "<group>"; };
		37E7D1642BA4A1BF00F7D58C /* RMEpisodeVC.swift */ = {isa = PBXFileReference; lastKnownFileType = sourcecode.swift; path = RMEpisodeVC.swift; sourceTree = "<group>"; };
		37E7D1662BA4A1CC00F7D58C /* RMCharacterVC.swift */ = {isa = PBXFileReference; lastKnownFileType = sourcecode.swift; path = RMCharacterVC.swift; sourceTree = "<group>"; };
/* End PBXFileReference section */

/* Begin PBXFrameworksBuildPhase section */
		37E7D1362BA48ADC00F7D58C /* Frameworks */ = {
			isa = PBXFrameworksBuildPhase;
			buildActionMask = 2147483647;
			files = (
			);
			runOnlyForDeploymentPostprocessing = 0;
		};
/* End PBXFrameworksBuildPhase section */

/* Begin PBXGroup section */
		37E7D1302BA48ADC00F7D58C = {
			isa = PBXGroup;
			children = (
				37E7D13B2BA48ADC00F7D58C /* RickAndMorty */,
				37E7D13A2BA48ADC00F7D58C /* Products */,
			);
			sourceTree = "<group>";
		};
		37E7D13A2BA48ADC00F7D58C /* Products */ = {
			isa = PBXGroup;
			children = (
				37E7D1392BA48ADC00F7D58C /* RickAndMorty.app */,
			);
			name = Products;
			sourceTree = "<group>";
		};
		37E7D13B2BA48ADC00F7D58C /* RickAndMorty */ = {
			isa = PBXGroup;
			children = (
				37E7D1542BA49CB900F7D58C /* APIClient */,
				37E7D1562BA49D6700F7D58C /* Controllers */,
				37E7D1532BA49CAC00F7D58C /* Managers */,
				37E7D1552BA49CC700F7D58C /* Models */,
				37E7D1502BA49C8A00F7D58C /* Support */,
				37E7D1512BA49C9B00F7D58C /* Views */,
				37E7D1522BA49CA000F7D58C /* ViewModels */,
				37E7D14A2BA48ADD00F7D58C /* Info.plist */,
			);
			path = RickAndMorty;
			sourceTree = "<group>";
		};
		37E7D1502BA49C8A00F7D58C /* Support */ = {
			isa = PBXGroup;
			children = (
				37E7D13C2BA48ADC00F7D58C /* AppDelegate.swift */,
				37E7D13E2BA48ADC00F7D58C /* SceneDelegate.swift */,
				37E7D1452BA48ADD00F7D58C /* Assets.xcassets */,
				37E7D1472BA48ADD00F7D58C /* LaunchScreen.storyboard */,
			);
			path = Support;
			sourceTree = "<group>";
		};
		37E7D1512BA49C9B00F7D58C /* Views */ = {
			isa = PBXGroup;
			children = (
			);
			path = Views;
			sourceTree = "<group>";
		};
		37E7D1522BA49CA000F7D58C /* ViewModels */ = {
			isa = PBXGroup;
			children = (
			);
			path = ViewModels;
			sourceTree = "<group>";
		};
		37E7D1532BA49CAC00F7D58C /* Managers */ = {
			isa = PBXGroup;
			children = (
			);
			path = Managers;
			sourceTree = "<group>";
		};
		37E7D1542BA49CB900F7D58C /* APIClient */ = {
			isa = PBXGroup;
			children = (
				37C065122BA5900600C52F7C /* RMEndpoint.swift */,
				37C065102BA58F9000C52F7C /* RMRequest.swift */,
				37C0650E2BA58F7500C52F7C /* RMService.swift */,
			);
			path = APIClient;
			sourceTree = "<group>";
		};
		37E7D1552BA49CC700F7D58C /* Models */ = {
			isa = PBXGroup;
			children = (
				37E7D15B2BA49D9F00F7D58C /* RMEpisode.swift */,
				37E7D1592BA49D9600F7D58C /* RMCharacter.swift */,
				37C0651A2BA597D200C52F7C /* RMCharacterGender.swift */,
				37C065182BA5978700C52F7C /* RMCharacterStatus.swift */,
				37C065162BA5965F00C52F7C /* RMLocation.swift */,
				37C065142BA5958300C52F7C /* RMOrigin.swift */,
				37E7D1572BA49D8E00F7D58C /* RMSingleLocation.swift */,
			);
			path = Models;
			sourceTree = "<group>";
		};
		37E7D1562BA49D6700F7D58C /* Controllers */ = {
			isa = PBXGroup;
			children = (
				37E7D15F2BA4A18000F7D58C /* Core */,
			);
			path = Controllers;
			sourceTree = "<group>";
		};
		37E7D15F2BA4A18000F7D58C /* Core */ = {
			isa = PBXGroup;
			children = (
				37E7D1642BA4A1BF00F7D58C /* RMEpisodeVC.swift */,
				37E7D1662BA4A1CC00F7D58C /* RMCharacterVC.swift */,
				37E7D1602BA4A19900F7D58C /* RmLocationVC.swift */,
				37E7D1622BA4A1AD00F7D58C /* RMSettingsVC.swift */,
				37E7D15D2BA49DEB00F7D58C /* RMTabVC.swift */,
			);
			path = Core;
			sourceTree = "<group>";
		};
/* End PBXGroup section */

/* Begin PBXNativeTarget section */
		37E7D1382BA48ADC00F7D58C /* RickAndMorty */ = {
			isa = PBXNativeTarget;
			buildConfigurationList = 37E7D14D2BA48ADD00F7D58C /* Build configuration list for PBXNativeTarget "RickAndMorty" */;
			buildPhases = (
				37E7D1352BA48ADC00F7D58C /* Sources */,
				37E7D1362BA48ADC00F7D58C /* Frameworks */,
				37E7D1372BA48ADC00F7D58C /* Resources */,
			);
			buildRules = (
			);
			dependencies = (
			);
			name = RickAndMorty;
			productName = RickAndMorty;
			productReference = 37E7D1392BA48ADC00F7D58C /* RickAndMorty.app */;
			productType = "com.apple.product-type.application";
		};
/* End PBXNativeTarget section */

/* Begin PBXProject section */
		37E7D1312BA48ADC00F7D58C /* Project object */ = {
			isa = PBXProject;
			attributes = {
				BuildIndependentTargetsInParallel = 1;
				LastSwiftUpdateCheck = 1520;
				LastUpgradeCheck = 1520;
				TargetAttributes = {
					37E7D1382BA48ADC00F7D58C = {
						CreatedOnToolsVersion = 15.2;
					};
				};
			};
			buildConfigurationList = 37E7D1342BA48ADC00F7D58C /* Build configuration list for PBXProject "RickAndMorty" */;
			compatibilityVersion = "Xcode 14.0";
			developmentRegion = en;
			hasScannedForEncodings = 0;
			knownRegions = (
				en,
				Base,
			);
			mainGroup = 37E7D1302BA48ADC00F7D58C;
			productRefGroup = 37E7D13A2BA48ADC00F7D58C /* Products */;
			projectDirPath = "";
			projectRoot = "";
			targets = (
				37E7D1382BA48ADC00F7D58C /* RickAndMorty */,
			);
		};
/* End PBXProject section */

/* Begin PBXResourcesBuildPhase section */
		37E7D1372BA48ADC00F7D58C /* Resources */ = {
			isa = PBXResourcesBuildPhase;
			buildActionMask = 2147483647;
			files = (
				37E7D1492BA48ADD00F7D58C /* LaunchScreen.storyboard in Resources */,
				37E7D1462BA48ADD00F7D58C /* Assets.xcassets in Resources */,
			);
			runOnlyForDeploymentPostprocessing = 0;
		};
/* End PBXResourcesBuildPhase section */

/* Begin PBXSourcesBuildPhase section */
		37E7D1352BA48ADC00F7D58C /* Sources */ = {
			isa = PBXSourcesBuildPhase;
			buildActionMask = 2147483647;
			files = (
				37C065152BA5958300C52F7C /* RMOrigin.swift in Sources */,
				37E7D15C2BA49D9F00F7D58C /* RMEpisode.swift in Sources */,
				37C065192BA5978700C52F7C /* RMCharacterStatus.swift in Sources */,
				37C0651B2BA597D200C52F7C /* RMCharacterGender.swift in Sources */,
				37E7D13D2BA48ADC00F7D58C /* AppDelegate.swift in Sources */,
				37E7D13F2BA48ADC00F7D58C /* SceneDelegate.swift in Sources */,
				37E7D15E2BA49DEB00F7D58C /* RMTabVC.swift in Sources */,
				37E7D1612BA4A19900F7D58C /* RmLocationVC.swift in Sources */,
				37E7D1672BA4A1CC00F7D58C /* RMCharacterVC.swift in Sources */,
				37C065172BA5965F00C52F7C /* RMLocation.swift in Sources */,
				37E7D1652BA4A1BF00F7D58C /* RMEpisodeVC.swift in Sources */,
				37C0650F2BA58F7500C52F7C /* RMService.swift in Sources */,
				37E7D1582BA49D8E00F7D58C /* RMSingleLocation.swift in Sources */,
				37C065132BA5900600C52F7C /* RMEndpoint.swift in Sources */,
				37E7D1632BA4A1AD00F7D58C /* RMSettingsVC.swift in Sources */,
				37C065112BA58F9000C52F7C /* RMRequest.swift in Sources */,
				37E7D15A2BA49D9600F7D58C /* RMCharacter.swift in Sources */,
			);
			runOnlyForDeploymentPostprocessing = 0;
		};
/* End PBXSourcesBuildPhase section */

/* Begin PBXVariantGroup section */
		37E7D1472BA48ADD00F7D58C /* LaunchScreen.storyboard */ = {
			isa = PBXVariantGroup;
			children = (
				37E7D1482BA48ADD00F7D58C /* Base */,
			);
			name = LaunchScreen.storyboard;
			sourceTree = "<group>";
		};
/* End PBXVariantGroup section */

/* Begin XCBuildConfiguration section */
		37E7D14B2BA48ADD00F7D58C /* Debug */ = {
			isa = XCBuildConfiguration;
			buildSettings = {
				ALWAYS_SEARCH_USER_PATHS = NO;
				ASSETCATALOG_COMPILER_GENERATE_SWIFT_ASSET_SYMBOL_EXTENSIONS = YES;
				CLANG_ANALYZER_NONNULL = YES;
				CLANG_ANALYZER_NUMBER_OBJECT_CONVERSION = YES_AGGRESSIVE;
				CLANG_CXX_LANGUAGE_STANDARD = "gnu++20";
				CLANG_ENABLE_MODULES = YES;
				CLANG_ENABLE_OBJC_ARC = YES;
				CLANG_ENABLE_OBJC_WEAK = YES;
				CLANG_WARN_BLOCK_CAPTURE_AUTORELEASING = YES;
				CLANG_WARN_BOOL_CONVERSION = YES;
				CLANG_WARN_COMMA = YES;
				CLANG_WARN_CONSTANT_CONVERSION = YES;
				CLANG_WARN_DEPRECATED_OBJC_IMPLEMENTATIONS = YES;
				CLANG_WARN_DIRECT_OBJC_ISA_USAGE = YES_ERROR;
				CLANG_WARN_DOCUMENTATION_COMMENTS = YES;
				CLANG_WARN_EMPTY_BODY = YES;
				CLANG_WARN_ENUM_CONVERSION = YES;
				CLANG_WARN_INFINITE_RECURSION = YES;
				CLANG_WARN_INT_CONVERSION = YES;
				CLANG_WARN_NON_LITERAL_NULL_CONVERSION = YES;
				CLANG_WARN_OBJC_IMPLICIT_RETAIN_SELF = YES;
				CLANG_WARN_OBJC_LITERAL_CONVERSION = YES;
				CLANG_WARN_OBJC_ROOT_CLASS = YES_ERROR;
				CLANG_WARN_QUOTED_INCLUDE_IN_FRAMEWORK_HEADER = YES;
				CLANG_WARN_RANGE_LOOP_ANALYSIS = YES;
				CLANG_WARN_STRICT_PROTOTYPES = YES;
				CLANG_WARN_SUSPICIOUS_MOVE = YES;
				CLANG_WARN_UNGUARDED_AVAILABILITY = YES_AGGRESSIVE;
				CLANG_WARN_UNREACHABLE_CODE = YES;
				CLANG_WARN__DUPLICATE_METHOD_MATCH = YES;
				COPY_PHASE_STRIP = NO;
				DEBUG_INFORMATION_FORMAT = dwarf;
				ENABLE_STRICT_OBJC_MSGSEND = YES;
				ENABLE_TESTABILITY = YES;
				ENABLE_USER_SCRIPT_SANDBOXING = YES;
				GCC_C_LANGUAGE_STANDARD = gnu17;
				GCC_DYNAMIC_NO_PIC = NO;
				GCC_NO_COMMON_BLOCKS = YES;
				GCC_OPTIMIZATION_LEVEL = 0;
				GCC_PREPROCESSOR_DEFINITIONS = (
					"DEBUG=1",
					"$(inherited)",
				);
				GCC_WARN_64_TO_32_BIT_CONVERSION = YES;
				GCC_WARN_ABOUT_RETURN_TYPE = YES_ERROR;
				GCC_WARN_UNDECLARED_SELECTOR = YES;
				GCC_WARN_UNINITIALIZED_AUTOS = YES_AGGRESSIVE;
				GCC_WARN_UNUSED_FUNCTION = YES;
				GCC_WARN_UNUSED_VARIABLE = YES;
				IPHONEOS_DEPLOYMENT_TARGET = 17.2;
				LOCALIZATION_PREFERS_STRING_CATALOGS = YES;
				MTL_ENABLE_DEBUG_INFO = INCLUDE_SOURCE;
				MTL_FAST_MATH = YES;
				ONLY_ACTIVE_ARCH = YES;
				SDKROOT = iphoneos;
				SWIFT_ACTIVE_COMPILATION_CONDITIONS = "DEBUG $(inherited)";
				SWIFT_OPTIMIZATION_LEVEL = "-Onone";
			};
			name = Debug;
		};
		37E7D14C2BA48ADD00F7D58C /* Release */ = {
			isa = XCBuildConfiguration;
			buildSettings = {
				ALWAYS_SEARCH_USER_PATHS = NO;
				ASSETCATALOG_COMPILER_GENERATE_SWIFT_ASSET_SYMBOL_EXTENSIONS = YES;
				CLANG_ANALYZER_NONNULL = YES;
				CLANG_ANALYZER_NUMBER_OBJECT_CONVERSION = YES_AGGRESSIVE;
				CLANG_CXX_LANGUAGE_STANDARD = "gnu++20";
				CLANG_ENABLE_MODULES = YES;
				CLANG_ENABLE_OBJC_ARC = YES;
				CLANG_ENABLE_OBJC_WEAK = YES;
				CLANG_WARN_BLOCK_CAPTURE_AUTORELEASING = YES;
				CLANG_WARN_BOOL_CONVERSION = YES;
				CLANG_WARN_COMMA = YES;
				CLANG_WARN_CONSTANT_CONVERSION = YES;
				CLANG_WARN_DEPRECATED_OBJC_IMPLEMENTATIONS = YES;
				CLANG_WARN_DIRECT_OBJC_ISA_USAGE = YES_ERROR;
				CLANG_WARN_DOCUMENTATION_COMMENTS = YES;
				CLANG_WARN_EMPTY_BODY = YES;
				CLANG_WARN_ENUM_CONVERSION = YES;
				CLANG_WARN_INFINITE_RECURSION = YES;
				CLANG_WARN_INT_CONVERSION = YES;
				CLANG_WARN_NON_LITERAL_NULL_CONVERSION = YES;
				CLANG_WARN_OBJC_IMPLICIT_RETAIN_SELF = YES;
				CLANG_WARN_OBJC_LITERAL_CONVERSION = YES;
				CLANG_WARN_OBJC_ROOT_CLASS = YES_ERROR;
				CLANG_WARN_QUOTED_INCLUDE_IN_FRAMEWORK_HEADER = YES;
				CLANG_WARN_RANGE_LOOP_ANALYSIS = YES;
				CLANG_WARN_STRICT_PROTOTYPES = YES;
				CLANG_WARN_SUSPICIOUS_MOVE = YES;
				CLANG_WARN_UNGUARDED_AVAILABILITY = YES_AGGRESSIVE;
				CLANG_WARN_UNREACHABLE_CODE = YES;
				CLANG_WARN__DUPLICATE_METHOD_MATCH = YES;
				COPY_PHASE_STRIP = NO;
				DEBUG_INFORMATION_FORMAT = "dwarf-with-dsym";
				ENABLE_NS_ASSERTIONS = NO;
				ENABLE_STRICT_OBJC_MSGSEND = YES;
				ENABLE_USER_SCRIPT_SANDBOXING = YES;
				GCC_C_LANGUAGE_STANDARD = gnu17;
				GCC_NO_COMMON_BLOCKS = YES;
				GCC_WARN_64_TO_32_BIT_CONVERSION = YES;
				GCC_WARN_ABOUT_RETURN_TYPE = YES_ERROR;
				GCC_WARN_UNDECLARED_SELECTOR = YES;
				GCC_WARN_UNINITIALIZED_AUTOS = YES_AGGRESSIVE;
				GCC_WARN_UNUSED_FUNCTION = YES;
				GCC_WARN_UNUSED_VARIABLE = YES;
				IPHONEOS_DEPLOYMENT_TARGET = 17.2;
				LOCALIZATION_PREFERS_STRING_CATALOGS = YES;
				MTL_ENABLE_DEBUG_INFO = NO;
				MTL_FAST_MATH = YES;
				SDKROOT = iphoneos;
				SWIFT_COMPILATION_MODE = wholemodule;
				VALIDATE_PRODUCT = YES;
			};
			name = Release;
		};
		37E7D14E2BA48ADD00F7D58C /* Debug */ = {
			isa = XCBuildConfiguration;
			buildSettings = {
				ASSETCATALOG_COMPILER_APPICON_NAME = AppIcon;
				ASSETCATALOG_COMPILER_GLOBAL_ACCENT_COLOR_NAME = AccentColor;
				CODE_SIGN_STYLE = Automatic;
				CURRENT_PROJECT_VERSION = 1;
				DEVELOPMENT_TEAM = R5L72AD597;
				GENERATE_INFOPLIST_FILE = YES;
				INFOPLIST_FILE = RickAndMorty/Info.plist;
				INFOPLIST_KEY_UIApplicationSupportsIndirectInputEvents = YES;
				INFOPLIST_KEY_UILaunchStoryboardName = LaunchScreen;
				INFOPLIST_KEY_UISupportedInterfaceOrientations = UIInterfaceOrientationPortrait;
				INFOPLIST_KEY_UISupportedInterfaceOrientations_iPad = "UIInterfaceOrientationLandscapeLeft UIInterfaceOrientationLandscapeRight";
				LD_RUNPATH_SEARCH_PATHS = (
					"$(inherited)",
					"@executable_path/Frameworks",
				);
				MARKETING_VERSION = 1.0;
				PRODUCT_BUNDLE_IDENTIFIER = com.oliviergeiger.RickAndMorty;
				PRODUCT_NAME = "$(TARGET_NAME)";
				SUPPORTED_PLATFORMS = "iphoneos iphonesimulator";
				SUPPORTS_MACCATALYST = NO;
				SUPPORTS_MAC_DESIGNED_FOR_IPHONE_IPAD = NO;
				SUPPORTS_XR_DESIGNED_FOR_IPHONE_IPAD = NO;
				SWIFT_EMIT_LOC_STRINGS = YES;
				SWIFT_VERSION = 5.0;
				TARGETED_DEVICE_FAMILY = 1;
			};
			name = Debug;
		};
		37E7D14F2BA48ADD00F7D58C /* Release */ = {
			isa = XCBuildConfiguration;
			buildSettings = {
				ASSETCATALOG_COMPILER_APPICON_NAME = AppIcon;
				ASSETCATALOG_COMPILER_GLOBAL_ACCENT_COLOR_NAME = AccentColor;
				CODE_SIGN_STYLE = Automatic;
				CURRENT_PROJECT_VERSION = 1;
				DEVELOPMENT_TEAM = R5L72AD597;
				GENERATE_INFOPLIST_FILE = YES;
				INFOPLIST_FILE = RickAndMorty/Info.plist;
				INFOPLIST_KEY_UIApplicationSupportsIndirectInputEvents = YES;
				INFOPLIST_KEY_UILaunchStoryboardName = LaunchScreen;
				INFOPLIST_KEY_UISupportedInterfaceOrientations = UIInterfaceOrientationPortrait;
				INFOPLIST_KEY_UISupportedInterfaceOrientations_iPad = "UIInterfaceOrientationLandscapeLeft UIInterfaceOrientationLandscapeRight";
				LD_RUNPATH_SEARCH_PATHS = (
					"$(inherited)",
					"@executable_path/Frameworks",
				);
				MARKETING_VERSION = 1.0;
				PRODUCT_BUNDLE_IDENTIFIER = com.oliviergeiger.RickAndMorty;
				PRODUCT_NAME = "$(TARGET_NAME)";
				SUPPORTED_PLATFORMS = "iphoneos iphonesimulator";
				SUPPORTS_MACCATALYST = NO;
				SUPPORTS_MAC_DESIGNED_FOR_IPHONE_IPAD = NO;
				SUPPORTS_XR_DESIGNED_FOR_IPHONE_IPAD = NO;
				SWIFT_EMIT_LOC_STRINGS = YES;
				SWIFT_VERSION = 5.0;
				TARGETED_DEVICE_FAMILY = 1;
			};
			name = Release;
		};
/* End XCBuildConfiguration section */

/* Begin XCConfigurationList section */
		37E7D1342BA48ADC00F7D58C /* Build configuration list for PBXProject "RickAndMorty" */ = {
			isa = XCConfigurationList;
			buildConfigurations = (
				37E7D14B2BA48ADD00F7D58C /* Debug */,
				37E7D14C2BA48ADD00F7D58C /* Release */,
			);
			defaultConfigurationIsVisible = 0;
			defaultConfigurationName = Release;
		};
		37E7D14D2BA48ADD00F7D58C /* Build configuration list for PBXNativeTarget "RickAndMorty" */ = {
			isa = XCConfigurationList;
			buildConfigurations = (
				37E7D14E2BA48ADD00F7D58C /* Debug */,
				37E7D14F2BA48ADD00F7D58C /* Release */,
			);
			defaultConfigurationIsVisible = 0;
			defaultConfigurationName = Release;
		};
/* End XCConfigurationList section */
	};
	rootObject = 37E7D1312BA48ADC00F7D58C /* Project object */;
}
